// !$*UTF8*$!
{
	archiveVersion = 1;
	classes = {
	};
	objectVersion = 46;
	objects = {

/* Begin PBXBuildFile section */
		E987A9171B227FE2000B9E3D /* main.m in Sources */ = {isa = PBXBuildFile; fileRef = E987A9161B227FE2000B9E3D /* main.m */; };
		E987A91A1B227FE2000B9E3D /* AppDelegate.m in Sources */ = {isa = PBXBuildFile; fileRef = E987A9191B227FE2000B9E3D /* AppDelegate.m */; };
		E987A91D1B227FE2000B9E3D /* yankee_challenge.xcdatamodeld in Sources */ = {isa = PBXBuildFile; fileRef = E987A91B1B227FE2000B9E3D /* yankee_challenge.xcdatamodeld */; };
		E987A9201B227FE2000B9E3D /* ViewController.m in Sources */ = {isa = PBXBuildFile; fileRef = E987A91F1B227FE2000B9E3D /* ViewController.m */; };
		E987A9231B227FE2000B9E3D /* Main.storyboard in Resources */ = {isa = PBXBuildFile; fileRef = E987A9211B227FE2000B9E3D /* Main.storyboard */; };
		E987A9251B227FE2000B9E3D /* Images.xcassets in Resources */ = {isa = PBXBuildFile; fileRef = E987A9241B227FE2000B9E3D /* Images.xcassets */; };
		E987A9281B227FE2000B9E3D /* LaunchScreen.xib in Resources */ = {isa = PBXBuildFile; fileRef = E987A9261B227FE2000B9E3D /* LaunchScreen.xib */; };
		E987A9341B227FE2000B9E3D /* yankee_challengeTests.m in Sources */ = {isa = PBXBuildFile; fileRef = E987A9331B227FE2000B9E3D /* yankee_challengeTests.m */; };
/* End PBXBuildFile section */

/* Begin PBXContainerItemProxy section */
		E987A92E1B227FE2000B9E3D /* PBXContainerItemProxy */ = {
			isa = PBXContainerItemProxy;
			containerPortal = E987A9091B227FE2000B9E3D /* Project object */;
			proxyType = 1;
			remoteGlobalIDString = E987A9101B227FE2000B9E3D;
			remoteInfo = "yankee-challenge";
		};
/* End PBXContainerItemProxy section */

/* Begin PBXFileReference section */
		E987A9111B227FE2000B9E3D /* yankee-challenge.app */ = {isa = PBXFileReference; explicitFileType = wrapper.application; includeInIndex = 0; path = "yankee-challenge.app"; sourceTree = BUILT_PRODUCTS_DIR; };
		E987A9151B227FE2000B9E3D /* Info.plist */ = {isa = PBXFileReference; lastKnownFileType = text.plist.xml; path = Info.plist; sourceTree = "<group>"; };
		E987A9161B227FE2000B9E3D /* main.m */ = {isa = PBXFileReference; lastKnownFileType = sourcecode.c.objc; path = main.m; sourceTree = "<group>"; };
		E987A9181B227FE2000B9E3D /* AppDelegate.h */ = {isa = PBXFileReference; lastKnownFileType = sourcecode.c.h; path = AppDelegate.h; sourceTree = "<group>"; };
		E987A9191B227FE2000B9E3D /* AppDelegate.m */ = {isa = PBXFileReference; lastKnownFileType = sourcecode.c.objc; path = AppDelegate.m; sourceTree = "<group>"; };
		E987A91C1B227FE2000B9E3D /* yankee_challenge.xcdatamodel */ = {isa = PBXFileReference; lastKnownFileType = wrapper.xcdatamodel; path = yankee_challenge.xcdatamodel; sourceTree = "<group>"; };
		E987A91E1B227FE2000B9E3D /* ViewController.h */ = {isa = PBXFileReference; lastKnownFileType = sourcecode.c.h; path = ViewController.h; sourceTree = "<group>"; };
		E987A91F1B227FE2000B9E3D /* ViewController.m */ = {isa = PBXFileReference; lastKnownFileType = sourcecode.c.objc; path = ViewController.m; sourceTree = "<group>"; };
		E987A9221B227FE2000B9E3D /* Base */ = {isa = PBXFileReference; lastKnownFileType = file.storyboard; name = Base; path = Base.lproj/Main.storyboard; sourceTree = "<group>"; };
		E987A9241B227FE2000B9E3D /* Images.xcassets */ = {isa = PBXFileReference; lastKnownFileType = folder.assetcatalog; path = Images.xcassets; sourceTree = "<group>"; };
		E987A9271B227FE2000B9E3D /* Base */ = {isa = PBXFileReference; lastKnownFileType = file.xib; name = Base; path = Base.lproj/LaunchScreen.xib; sourceTree = "<group>"; };
		E987A92D1B227FE2000B9E3D /* yankee-challengeTests.xctest */ = {isa = PBXFileReference; explicitFileType = wrapper.cfbundle; includeInIndex = 0; path = "yankee-challengeTests.xctest"; sourceTree = BUILT_PRODUCTS_DIR; };
		E987A9321B227FE2000B9E3D /* Info.plist */ = {isa = PBXFileReference; lastKnownFileType = text.plist.xml; path = Info.plist; sourceTree = "<group>"; };
		E987A9331B227FE2000B9E3D /* yankee_challengeTests.m */ = {isa = PBXFileReference; lastKnownFileType = sourcecode.c.objc; path = yankee_challengeTests.m; sourceTree = "<group>"; };
/* End PBXFileReference section */

/* Begin PBXFrameworksBuildPhase section */
		E987A90E1B227FE2000B9E3D /* Frameworks */ = {
			isa = PBXFrameworksBuildPhase;
			buildActionMask = 2147483647;
			files = (
			);
			runOnlyForDeploymentPostprocessing = 0;
		};
		E987A92A1B227FE2000B9E3D /* Frameworks */ = {
			isa = PBXFrameworksBuildPhase;
			buildActionMask = 2147483647;
			files = (
			);
			runOnlyForDeploymentPostprocessing = 0;
		};
/* End PBXFrameworksBuildPhase section */

/* Begin PBXGroup section */
		E987A9081B227FE2000B9E3D = {
			isa = PBXGroup;
			children = (
				E987A9131B227FE2000B9E3D /* yankee-challenge */,
				E987A9301B227FE2000B9E3D /* yankee-challengeTests */,
				E987A9121B227FE2000B9E3D /* Products */,
			);
			sourceTree = "<group>";
		};
		E987A9121B227FE2000B9E3D /* Products */ = {
			isa = PBXGroup;
			children = (
				E987A9111B227FE2000B9E3D /* yankee-challenge.app */,
				E987A92D1B227FE2000B9E3D /* yankee-challengeTests.xctest */,
			);
			name = Products;
			sourceTree = "<group>";
		};
		E987A9131B227FE2000B9E3D /* yankee-challenge */ = {
			isa = PBXGroup;
			children = (
				E987A9181B227FE2000B9E3D /* AppDelegate.h */,
				E987A9191B227FE2000B9E3D /* AppDelegate.m */,
				E987A91E1B227FE2000B9E3D /* ViewController.h */,
				E987A91F1B227FE2000B9E3D /* ViewController.m */,
				E987A9211B227FE2000B9E3D /* Main.storyboard */,
				E987A9241B227FE2000B9E3D /* Images.xcassets */,
				E987A9261B227FE2000B9E3D /* LaunchScreen.xib */,
				E987A91B1B227FE2000B9E3D /* yankee_challenge.xcdatamodeld */,
				E987A9141B227FE2000B9E3D /* Supporting Files */,
			);
			path = "yankee-challenge";
			sourceTree = "<group>";
		};
		E987A9141B227FE2000B9E3D /* Supporting Files */ = {
			isa = PBXGroup;
			children = (
				E987A9151B227FE2000B9E3D /* Info.plist */,
				E987A9161B227FE2000B9E3D /* main.m */,
			);
			name = "Supporting Files";
			sourceTree = "<group>";
		};
		E987A9301B227FE2000B9E3D /* yankee-challengeTests */ = {
			isa = PBXGroup;
			children = (
				E987A9331B227FE2000B9E3D /* yankee_challengeTests.m */,
				E987A9311B227FE2000B9E3D /* Supporting Files */,
			);
			path = "yankee-challengeTests";
			sourceTree = "<group>";
		};
		E987A9311B227FE2000B9E3D /* Supporting Files */ = {
			isa = PBXGroup;
			children = (
				E987A9321B227FE2000B9E3D /* Info.plist */,
			);
			name = "Supporting Files";
			sourceTree = "<group>";
		};
/* End PBXGroup section */

/* Begin PBXNativeTarget section */
		E987A9101B227FE2000B9E3D /* yankee-challenge */ = {
			isa = PBXNativeTarget;
			buildConfigurationList = E987A9371B227FE2000B9E3D /* Build configuration list for PBXNativeTarget "yankee-challenge" */;
			buildPhases = (
				E987A90D1B227FE2000B9E3D /* Sources */,
				E987A90E1B227FE2000B9E3D /* Frameworks */,
				E987A90F1B227FE2000B9E3D /* Resources */,
			);
			buildRules = (
			);
			dependencies = (
			);
			name = "yankee-challenge";
			productName = "yankee-challenge";
			productReference = E987A9111B227FE2000B9E3D /* yankee-challenge.app */;
			productType = "com.apple.product-type.application";
		};
		E987A92C1B227FE2000B9E3D /* yankee-challengeTests */ = {
			isa = PBXNativeTarget;
			buildConfigurationList = E987A93A1B227FE2000B9E3D /* Build configuration list for PBXNativeTarget "yankee-challengeTests" */;
			buildPhases = (
				E987A9291B227FE2000B9E3D /* Sources */,
				E987A92A1B227FE2000B9E3D /* Frameworks */,
				E987A92B1B227FE2000B9E3D /* Resources */,
			);
			buildRules = (
			);
			dependencies = (
				E987A92F1B227FE2000B9E3D /* PBXTargetDependency */,
			);
			name = "yankee-challengeTests";
			productName = "yankee-challengeTests";
			productReference = E987A92D1B227FE2000B9E3D /* yankee-challengeTests.xctest */;
			productType = "com.apple.product-type.bundle.unit-test";
		};
/* End PBXNativeTarget section */

/* Begin PBXProject section */
		E987A9091B227FE2000B9E3D /* Project object */ = {
			isa = PBXProject;
			attributes = {
				LastUpgradeCheck = 0610;
				ORGANIZATIONNAME = "hire mike traverso, inc.";
				TargetAttributes = {
					E987A9101B227FE2000B9E3D = {
						CreatedOnToolsVersion = 6.1;
					};
					E987A92C1B227FE2000B9E3D = {
						CreatedOnToolsVersion = 6.1;
						TestTargetID = E987A9101B227FE2000B9E3D;
					};
				};
			};
			buildConfigurationList = E987A90C1B227FE2000B9E3D /* Build configuration list for PBXProject "yankee-challenge" */;
			compatibilityVersion = "Xcode 3.2";
			developmentRegion = English;
			hasScannedForEncodings = 0;
			knownRegions = (
				en,
				Base,
			);
			mainGroup = E987A9081B227FE2000B9E3D;
			productRefGroup = E987A9121B227FE2000B9E3D /* Products */;
			projectDirPath = "";
			projectRoot = "";
			targets = (
				E987A9101B227FE2000B9E3D /* yankee-challenge */,
				E987A92C1B227FE2000B9E3D /* yankee-challengeTests */,
			);
		};
/* End PBXProject section */

/* Begin PBXResourcesBuildPhase section */
		E987A90F1B227FE2000B9E3D /* Resources */ = {
			isa = PBXResourcesBuildPhase;
			buildActionMask = 2147483647;
			files = (
				E987A9231B227FE2000B9E3D /* Main.storyboard in Resources */,
				E987A9281B227FE2000B9E3D /* LaunchScreen.xib in Resources */,
				E987A9251B227FE2000B9E3D /* Images.xcassets in Resources */,
			);
			runOnlyForDeploymentPostprocessing = 0;
		};
		E987A92B1B227FE2000B9E3D /* Resources */ = {
			isa = PBXResourcesBuildPhase;
			buildActionMask = 2147483647;
			files = (
			);
			runOnlyForDeploymentPostprocessing = 0;
		};
/* End PBXResourcesBuildPhase section */

/* Begin PBXSourcesBuildPhase section */
		E987A90D1B227FE2000B9E3D /* Sources */ = {
			isa = PBXSourcesBuildPhase;
			buildActionMask = 2147483647;
			files = (
				E987A91A1B227FE2000B9E3D /* AppDelegate.m in Sources */,
				E987A91D1B227FE2000B9E3D /* yankee_challenge.xcdatamodeld in Sources */,
				E987A9201B227FE2000B9E3D /* ViewController.m in Sources */,
				E987A9171B227FE2000B9E3D /* main.m in Sources */,
			);
			runOnlyForDeploymentPostprocessing = 0;
		};
		E987A9291B227FE2000B9E3D /* Sources */ = {
			isa = PBXSourcesBuildPhase;
			buildActionMask = 2147483647;
			files = (
				E987A9341B227FE2000B9E3D /* yankee_challengeTests.m in Sources */,
			);
			runOnlyForDeploymentPostprocessing = 0;
		};
/* End PBXSourcesBuildPhase section */

/* Begin PBXTargetDependency section */
		E987A92F1B227FE2000B9E3D /* PBXTargetDependency */ = {
			isa = PBXTargetDependency;
			target = E987A9101B227FE2000B9E3D /* yankee-challenge */;
			targetProxy = E987A92E1B227FE2000B9E3D /* PBXContainerItemProxy */;
		};
/* End PBXTargetDependency section */

/* Begin PBXVariantGroup section */
		E987A9211B227FE2000B9E3D /* Main.storyboard */ = {
			isa = PBXVariantGroup;
			children = (
				E987A9221B227FE2000B9E3D /* Base */,
			);
			name = Main.storyboard;
			sourceTree = "<group>";
		};
		E987A9261B227FE2000B9E3D /* LaunchScreen.xib */ = {
			isa = PBXVariantGroup;
			children = (
				E987A9271B227FE2000B9E3D /* Base */,
			);
			name = LaunchScreen.xib;
			sourceTree = "<group>";
		};
/* End PBXVariantGroup section */

/* Begin XCBuildConfiguration section */
		E987A9351B227FE2000B9E3D /* Debug */ = {
			isa = XCBuildConfiguration;
			buildSettings = {
				ALWAYS_SEARCH_USER_PATHS = NO;
				CLANG_CXX_LANGUAGE_STANDARD = "gnu++0x";
				CLANG_CXX_LIBRARY = "libc++";
				CLANG_ENABLE_MODULES = YES;
				CLANG_ENABLE_OBJC_ARC = YES;
				CLANG_WARN_BOOL_CONVERSION = YES;
				CLANG_WARN_CONSTANT_CONVERSION = YES;
				CLANG_WARN_DIRECT_OBJC_ISA_USAGE = YES_ERROR;
				CLANG_WARN_EMPTY_BODY = YES;
				CLANG_WARN_ENUM_CONVERSION = YES;
				CLANG_WARN_INT_CONVERSION = YES;
				CLANG_WARN_OBJC_ROOT_CLASS = YES_ERROR;
				CLANG_WARN_UNREACHABLE_CODE = YES;
				CLANG_WARN__DUPLICATE_METHOD_MATCH = YES;
				"CODE_SIGN_IDENTITY[sdk=iphoneos*]" = "iPhone Developer";
				COPY_PHASE_STRIP = NO;
				ENABLE_STRICT_OBJC_MSGSEND = YES;
				GCC_C_LANGUAGE_STANDARD = gnu99;
				GCC_DYNAMIC_NO_PIC = NO;
				GCC_OPTIMIZATION_LEVEL = 0;
				GCC_PREPROCESSOR_DEFINITIONS = (
					"DEBUG=1",
					"$(inherited)",
				);
				GCC_SYMBOLS_PRIVATE_EXTERN = NO;
				GCC_WARN_64_TO_32_BIT_CONVERSION = YES;
				GCC_WARN_ABOUT_RETURN_TYPE = YES_ERROR;
				GCC_WARN_UNDECLARED_SELECTOR = YES;
				GCC_WARN_UNINITIALIZED_AUTOS = YES_AGGRESSIVE;
				GCC_WARN_UNUSED_FUNCTION = YES;
				GCC_WARN_UNUSED_VARIABLE = YES;
				IPHONEOS_DEPLOYMENT_TARGET = 8.1;
				MTL_ENABLE_DEBUG_INFO = YES;
				ONLY_ACTIVE_ARCH = YES;
				SDKROOT = iphoneos;
				TARGETED_DEVICE_FAMILY = "1,2";
			};
			name = Debug;
		};
		E987A9361B227FE2000B9E3D /* Release */ = {
			isa = XCBuildConfiguration;
			buildSettings = {
				ALWAYS_SEARCH_USER_PATHS = NO;
				CLANG_CXX_LANGUAGE_STANDARD = "gnu++0x";
				CLANG_CXX_LIBRARY = "libc++";
				CLANG_ENABLE_MODULES = YES;
				CLANG_ENABLE_OBJC_ARC = YES;
				CLANG_WARN_BOOL_CONVERSION = YES;
				CLANG_WARN_CONSTANT_CONVERSION = YES;
				CLANG_WARN_DIRECT_OBJC_ISA_USAGE = YES_ERROR;
				CLANG_WARN_EMPTY_BODY = YES;
				CLANG_WARN_ENUM_CONVERSION = YES;
				CLANG_WARN_INT_CONVERSION = YES;
				CLANG_WARN_OBJC_ROOT_CLASS = YES_ERROR;
				CLANG_WARN_UNREACHABLE_CODE = YES;
				CLANG_WARN__DUPLICATE_METHOD_MATCH = YES;
				"CODE_SIGN_IDENTITY[sdk=iphoneos*]" = "iPhone Developer";
				COPY_PHASE_STRIP = YES;
				ENABLE_NS_ASSERTIONS = NO;
				ENABLE_STRICT_OBJC_MSGSEND = YES;
				GCC_C_LANGUAGE_STANDARD = gnu99;
				GCC_WARN_64_TO_32_BIT_CONVERSION = YES;
				GCC_WARN_ABOUT_RETURN_TYPE = YES_ERROR;
				GCC_WARN_UNDECLARED_SELECTOR = YES;
				GCC_WARN_UNINITIALIZED_AUTOS = YES_AGGRESSIVE;
				GCC_WARN_UNUSED_FUNCTION = YES;
				GCC_WARN_UNUSED_VARIABLE = YES;
				IPHONEOS_DEPLOYMENT_TARGET = 8.1;
				MTL_ENABLE_DEBUG_INFO = NO;
				SDKROOT = iphoneos;
				TARGETED_DEVICE_FAMILY = "1,2";
				VALIDATE_PRODUCT = YES;
			};
			name = Release;
		};
		E987A9381B227FE2000B9E3D /* Debug */ = {
			isa = XCBuildConfiguration;
			buildSettings = {
				ASSETCATALOG_COMPILER_APPICON_NAME = AppIcon;
				INFOPLIST_FILE = "yankee-challenge/Info.plist";
				LD_RUNPATH_SEARCH_PATHS = "$(inherited) @executable_path/Frameworks";
				PRODUCT_NAME = "$(TARGET_NAME)";
			};
			name = Debug;
		};
		E987A9391B227FE2000B9E3D /* Release */ = {
			isa = XCBuildConfiguration;
			buildSettings = {
				ASSETCATALOG_COMPILER_APPICON_NAME = AppIcon;
				INFOPLIST_FILE = "yankee-challenge/Info.plist";
				LD_RUNPATH_SEARCH_PATHS = "$(inherited) @executable_path/Frameworks";
				PRODUCT_NAME = "$(TARGET_NAME)";
			};
			name = Release;
		};
		E987A93B1B227FE2000B9E3D /* Debug */ = {
			isa = XCBuildConfiguration;
			buildSettings = {
				BUNDLE_LOADER = "$(TEST_HOST)";
				FRAMEWORK_SEARCH_PATHS = (
					"$(SDKROOT)/Developer/Library/Frameworks",
					"$(inherited)",
				);
				GCC_PREPROCESSOR_DEFINITIONS = (
					"DEBUG=1",
					"$(inherited)",
				);
				INFOPLIST_FILE = "yankee-challengeTests/Info.plist";
				LD_RUNPATH_SEARCH_PATHS = "$(inherited) @executable_path/Frameworks @loader_path/Frameworks";
				PRODUCT_NAME = "$(TARGET_NAME)";
				TEST_HOST = "$(BUILT_PRODUCTS_DIR)/yankee-challenge.app/yankee-challenge";
			};
			name = Debug;
		};
		E987A93C1B227FE2000B9E3D /* Release */ = {
			isa = XCBuildConfiguration;
			buildSettings = {
				BUNDLE_LOADER = "$(TEST_HOST)";
				FRAMEWORK_SEARCH_PATHS = (
					"$(SDKROOT)/Developer/Library/Frameworks",
					"$(inherited)",
				);
				INFOPLIST_FILE = "yankee-challengeTests/Info.plist";
				LD_RUNPATH_SEARCH_PATHS = "$(inherited) @executable_path/Frameworks @loader_path/Frameworks";
				PRODUCT_NAME = "$(TARGET_NAME)";
				TEST_HOST = "$(BUILT_PRODUCTS_DIR)/yankee-challenge.app/yankee-challenge";
			};
			name = Release;
		};
/* End XCBuildConfiguration section */

/* Begin XCConfigurationList section */
		E987A90C1B227FE2000B9E3D /* Build configuration list for PBXProject "yankee-challenge" */ = {
			isa = XCConfigurationList;
			buildConfigurations = (
				E987A9351B227FE2000B9E3D /* Debug */,
				E987A9361B227FE2000B9E3D /* Release */,
			);
			defaultConfigurationIsVisible = 0;
			defaultConfigurationName = Release;
		};
		E987A9371B227FE2000B9E3D /* Build configuration list for PBXNativeTarget "yankee-challenge" */ = {
			isa = XCConfigurationList;
			buildConfigurations = (
				E987A9381B227FE2000B9E3D /* Debug */,
				E987A9391B227FE2000B9E3D /* Release */,
			);
			defaultConfigurationIsVisible = 0;
		};
		E987A93A1B227FE2000B9E3D /* Build configuration list for PBXNativeTarget "yankee-challengeTests" */ = {
			isa = XCConfigurationList;
			buildConfigurations = (
				E987A93B1B227FE2000B9E3D /* Debug */,
				E987A93C1B227FE2000B9E3D /* Release */,
			);
			defaultConfigurationIsVisible = 0;
		};
/* End XCConfigurationList section */

/* Begin XCVersionGroup section */
		E987A91B1B227FE2000B9E3D /* yankee_challenge.xcdatamodeld */ = {
			isa = XCVersionGroup;
			children = (
				E987A91C1B227FE2000B9E3D /* yankee_challenge.xcdatamodel */,
			);
			currentVersion = E987A91C1B227FE2000B9E3D /* yankee_challenge.xcdatamodel */;
			path = yankee_challenge.xcdatamodeld;
			sourceTree = "<group>";
			versionGroupType = wrapper.xcdatamodel;
		};
/* End XCVersionGroup section */
	};
	rootObject = E987A9091B227FE2000B9E3D /* Project object */;
}
